<?xml version="1.0" encoding="utf-8"?>
<Project ToolsVersion="4.0" xmlns="http://schemas.microsoft.com/developer/msbuild/2003">
  <ItemGroup>
    <Filter Include="Source Files">
      <UniqueIdentifier>{4FC737F1-C7A5-4376-A066-2A32D752A2FF}</UniqueIdentifier>
      <Extensions>cpp;c;cc;cxx;def;odl;idl;hpj;bat;asm;asmx</Extensions>
    </Filter>
    <Filter Include="Source Files\StateMachine">
      <UniqueIdentifier>{8bba3312-ec27-4cf6-b983-92c48bfdf0af}</UniqueIdentifier>
    </Filter>
    <Filter Include="Source Files\Events">
      <UniqueIdentifier>{dcefa1ff-f591-44a4-a6e4-ec3e9c36ae3e}</UniqueIdentifier>
    </Filter>
    <Filter Include="Source Files\Effects">
      <UniqueIdentifier>{e1b9e2f7-3123-4065-810f-d2864a398390}</UniqueIdentifier>
    </Filter>
    <Filter Include="Source Files\Entities">
      <UniqueIdentifier>{b15eef16-1df8-46ae-b646-79991e388ee5}</UniqueIdentifier>
    </Filter>
    <Filter Include="Source Files\Entities\Space">
      <UniqueIdentifier>{5c49a41c-33f8-4667-b196-4f4e4aa416be}</UniqueIdentifier>
    </Filter>
    <Filter Include="Source Files\Util">
      <UniqueIdentifier>{398b0144-e4d7-4742-ad06-10f2f0e3fe47}</UniqueIdentifier>
    </Filter>
    <Filter Include="Source Files\Entities\Game Logic">
      <UniqueIdentifier>{f66a556e-af29-4ce5-8e82-47912543d26f}</UniqueIdentifier>
    </Filter>
  </ItemGroup>
  <ItemGroup>
    <ClCompile Include="main.cpp">
      <Filter>Source Files</Filter>
    </ClCompile>
    <ClCompile Include="MenuState.cpp">
      <Filter>Source Files\StateMachine</Filter>
    </ClCompile>
    <ClCompile Include="StateMachine.cpp">
      <Filter>Source Files\StateMachine</Filter>
    </ClCompile>
    <ClCompile Include="EffectRainbowLine.cpp">
      <Filter>Source Files\Effects</Filter>
    </ClCompile>
    <ClCompile Include="PlayState.cpp">
      <Filter>Source Files\StateMachine</Filter>
    </ClCompile>
    <ClCompile Include="Entity.cpp">
      <Filter>Source Files\Entities</Filter>
    </ClCompile>
    <ClCompile Include="VectorMath.cpp">
      <Filter>Source Files\Util</Filter>
    </ClCompile>
    <ClCompile Include="SpacePlayer.cpp">
      <Filter>Source Files\Entities\Space</Filter>
    </ClCompile>
    <ClCompile Include="EntityManager.cpp">
      <Filter>Source Files\Entities\Game Logic</Filter>
    </ClCompile>
  </ItemGroup>
  <ItemGroup>
    <ClInclude Include="SodaEvent.h">
      <Filter>Source Files\Events</Filter>
    </ClInclude>
    <ClInclude Include="IState.h">
      <Filter>Source Files\StateMachine</Filter>
    </ClInclude>
    <ClInclude Include="MenuState.h">
      <Filter>Source Files\StateMachine</Filter>
    </ClInclude>
    <ClInclude Include="StateMachine.h">
      <Filter>Source Files\StateMachine</Filter>
    </ClInclude>
    <ClInclude Include="IEffect.h">
      <Filter>Source Files\Effects</Filter>
    </ClInclude>
    <ClInclude Include="EffectRainbowLine.h">
      <Filter>Source Files\Effects</Filter>
    </ClInclude>
    <ClInclude Include="PlayState.h">
      <Filter>Source Files\StateMachine</Filter>
    </ClInclude>
    <ClInclude Include="Entity.h">
      <Filter>Source Files\Entities</Filter>
    </ClInclude>
    <ClInclude Include="SpacePlayer.h">
      <Filter>Source Files\Entities\Space</Filter>
    </ClInclude>
    <ClInclude Include="VectorMath.h">
      <Filter>Source Files\Util</Filter>
    </ClInclude>
    <ClInclude Include="EntityManager.h">
      <Filter>Source Files\Entities\Game Logic</Filter>
    </ClInclude>
  </ItemGroup>
</Project>